// !$*UTF8*$!
{
	archiveVersion = 1;
	classes = {
	};
	objectVersion = 50;
	objects = {

/* Begin PBXBuildFile section */
		F0841DC6213948510083A304 /* memory.cpp in Sources */ = {isa = PBXBuildFile; fileRef = F0841DC4213948510083A304 /* memory.cpp */; };
		F0841DC9213CAB150083A304 /* run.cpp in Sources */ = {isa = PBXBuildFile; fileRef = F0841DC7213CAB150083A304 /* run.cpp */; };
		F0841DCC213CD7F20083A304 /* cpu.cpp in Sources */ = {isa = PBXBuildFile; fileRef = F0841DCA213CD7F20083A304 /* cpu.cpp */; };
		F0DE7C562137916300B02439 /* main.cpp in Sources */ = {isa = PBXBuildFile; fileRef = F0DE7C552137916300B02439 /* main.cpp */; };
		F0DE7C5E213791F100B02439 /* load.cpp in Sources */ = {isa = PBXBuildFile; fileRef = F0DE7C5C213791F100B02439 /* load.cpp */; };
/* End PBXBuildFile section */

/* Begin PBXCopyFilesBuildPhase section */
		F0DE7C502137916300B02439 /* CopyFiles */ = {
			isa = PBXCopyFilesBuildPhase;
			buildActionMask = 2147483647;
			dstPath = /usr/share/man/man1/;
			dstSubfolderSpec = 0;
			files = (
			);
			runOnlyForDeploymentPostprocessing = 1;
		};
/* End PBXCopyFilesBuildPhase section */

/* Begin PBXFileReference section */
		F0841DC4213948510083A304 /* memory.cpp */ = {isa = PBXFileReference; lastKnownFileType = sourcecode.cpp.cpp; path = memory.cpp; sourceTree = "<group>"; };
		F0841DC5213948510083A304 /* memory.hpp */ = {isa = PBXFileReference; lastKnownFileType = sourcecode.cpp.h; path = memory.hpp; sourceTree = "<group>"; };
		F0841DC7213CAB150083A304 /* run.cpp */ = {isa = PBXFileReference; lastKnownFileType = sourcecode.cpp.cpp; path = run.cpp; sourceTree = "<group>"; };
		F0841DC8213CAB150083A304 /* run.hpp */ = {isa = PBXFileReference; lastKnownFileType = sourcecode.cpp.h; path = run.hpp; sourceTree = "<group>"; };
		F0841DCA213CD7F20083A304 /* cpu.cpp */ = {isa = PBXFileReference; lastKnownFileType = sourcecode.cpp.cpp; path = cpu.cpp; sourceTree = "<group>"; };
		F0841DCB213CD7F20083A304 /* cpu.hpp */ = {isa = PBXFileReference; lastKnownFileType = sourcecode.cpp.h; name = cpu.hpp; path = "/Users/tjnielse/UVU/CS6510/C-vm/vm1/vm1/cpu.hpp"; sourceTree = "<absolute>"; };
		F0DE7C522137916300B02439 /* vm1 */ = {isa = PBXFileReference; explicitFileType = "compiled.mach-o.executable"; includeInIndex = 0; path = vm1; sourceTree = BUILT_PRODUCTS_DIR; };
		F0DE7C552137916300B02439 /* main.cpp */ = {isa = PBXFileReference; lastKnownFileType = sourcecode.cpp.cpp; path = main.cpp; sourceTree = "<group>"; };
		F0DE7C5C213791F100B02439 /* load.cpp */ = {isa = PBXFileReference; lastKnownFileType = sourcecode.cpp.cpp; path = load.cpp; sourceTree = "<group>"; };
		F0DE7C5D213791F100B02439 /* load.hpp */ = {isa = PBXFileReference; lastKnownFileType = sourcecode.cpp.h; path = load.hpp; sourceTree = "<group>"; };
		F0DE7C5F2137A74E00B02439 /* CPUBound.osx */ = {isa = PBXFileReference; lastKnownFileType = file; path = CPUBound.osx; sourceTree = "<group>"; };
/* End PBXFileReference section */

/* Begin PBXFrameworksBuildPhase section */
		F0DE7C4F2137916300B02439 /* Frameworks */ = {
			isa = PBXFrameworksBuildPhase;
			buildActionMask = 2147483647;
			files = (
			);
			runOnlyForDeploymentPostprocessing = 0;
		};
/* End PBXFrameworksBuildPhase section */

/* Begin PBXGroup section */
		F0DE7C492137916300B02439 = {
			isa = PBXGroup;
			children = (
				F0DE7C542137916300B02439 /* vm1 */,
				F0DE7C532137916300B02439 /* Products */,
			);
			sourceTree = "<group>";
		};
		F0DE7C532137916300B02439 /* Products */ = {
			isa = PBXGroup;
			children = (
				F0DE7C522137916300B02439 /* vm1 */,
			);
			name = Products;
			sourceTree = "<group>";
		};
		F0DE7C542137916300B02439 /* vm1 */ = {
			isa = PBXGroup;
			children = (
				F0DE7C5F2137A74E00B02439 /* CPUBound.osx */,
				F0DE7C552137916300B02439 /* main.cpp */,
				F0DE7C5C213791F100B02439 /* load.cpp */,
				F0DE7C5D213791F100B02439 /* load.hpp */,
				F0841DC4213948510083A304 /* memory.cpp */,
				F0841DC5213948510083A304 /* memory.hpp */,
				F0841DC7213CAB150083A304 /* run.cpp */,
				F0841DC8213CAB150083A304 /* run.hpp */,
				F0841DCA213CD7F20083A304 /* cpu.cpp */,
				F0841DCB213CD7F20083A304 /* cpu.hpp */,
			);
			path = vm1;
			sourceTree = "<group>";
		};
/* End PBXGroup section */

/* Begin PBXNativeTarget section */
		F0DE7C512137916300B02439 /* vm1 */ = {
			isa = PBXNativeTarget;
			buildConfigurationList = F0DE7C592137916300B02439 /* Build configuration list for PBXNativeTarget "vm1" */;
			buildPhases = (
				F0DE7C4E2137916300B02439 /* Sources */,
				F0DE7C4F2137916300B02439 /* Frameworks */,
				F0DE7C502137916300B02439 /* CopyFiles */,
			);
			buildRules = (
			);
			dependencies = (
			);
			name = vm1;
			productName = vm1;
			productReference = F0DE7C522137916300B02439 /* vm1 */;
			productType = "com.apple.product-type.tool";
		};
/* End PBXNativeTarget section */

/* Begin PBXProject section */
		F0DE7C4A2137916300B02439 /* Project object */ = {
			isa = PBXProject;
			attributes = {
				LastUpgradeCheck = 0940;
				ORGANIZATIONNAME = "TJ Nielsen";
				TargetAttributes = {
					F0DE7C512137916300B02439 = {
						CreatedOnToolsVersion = 9.4.1;
					};
				};
			};
			buildConfigurationList = F0DE7C4D2137916300B02439 /* Build configuration list for PBXProject "vm1" */;
			compatibilityVersion = "Xcode 9.3";
			developmentRegion = en;
			hasScannedForEncodings = 0;
			knownRegions = (
				en,
			);
			mainGroup = F0DE7C492137916300B02439;
			productRefGroup = F0DE7C532137916300B02439 /* Products */;
			projectDirPath = "";
			projectRoot = "";
			targets = (
				F0DE7C512137916300B02439 /* vm1 */,
			);
		};
/* End PBXProject section */

/* Begin PBXSourcesBuildPhase section */
		F0DE7C4E2137916300B02439 /* Sources */ = {
			isa = PBXSourcesBuildPhase;
			buildActionMask = 2147483647;
			files = (
				F0DE7C562137916300B02439 /* main.cpp in Sources */,
				F0841DC9213CAB150083A304 /* run.cpp in Sources */,
				F0DE7C5E213791F100B02439 /* load.cpp in Sources */,
				F0841DCC213CD7F20083A304 /* cpu.cpp in Sources */,
				F0841DC6213948510083A304 /* memory.cpp in Sources */,
			);
			runOnlyForDeploymentPostprocessing = 0;
		};
/* End PBXSourcesBuildPhase section */

/* Begin XCBuildConfiguration section */
		F0DE7C572137916300B02439 /* Debug */ = {
			isa = XCBuildConfiguration;
			buildSettings = {
				ALWAYS_SEARCH_USER_PATHS = NO;
				CLANG_ANALYZER_NONNULL = YES;
				CLANG_ANALYZER_NUMBER_OBJECT_CONVERSION = YES_AGGRESSIVE;
				CLANG_CXX_LANGUAGE_STANDARD = "gnu++14";
				CLANG_CXX_LIBRARY = "libc++";
				CLANG_ENABLE_MODULES = YES;
				CLANG_ENABLE_OBJC_ARC = YES;
				CLANG_ENABLE_OBJC_WEAK = YES;
				CLANG_WARN_BLOCK_CAPTURE_AUTORELEASING = YES;
				CLANG_WARN_BOOL_CONVERSION = YES;
				CLANG_WARN_COMMA = YES;
				CLANG_WARN_CONSTANT_CONVERSION = YES;
				CLANG_WARN_DEPRECATED_OBJC_IMPLEMENTATIONS = YES;
				CLANG_WARN_DIRECT_OBJC_ISA_USAGE = YES_ERROR;
				CLANG_WARN_DOCUMENTATION_COMMENTS = YES;
				CLANG_WARN_EMPTY_BODY = YES;
				CLANG_WARN_ENUM_CONVERSION = YES;
				CLANG_WARN_INFINITE_RECURSION = YES;
				CLANG_WARN_INT_CONVERSION = YES;
				CLANG_WARN_NON_LITERAL_NULL_CONVERSION = YES;
				CLANG_WARN_OBJC_IMPLICIT_RETAIN_SELF = YES;
				CLANG_WARN_OBJC_LITERAL_CONVERSION = YES;
				CLANG_WARN_OBJC_ROOT_CLASS = YES_ERROR;
				CLANG_WARN_RANGE_LOOP_ANALYSIS = YES;
				CLANG_WARN_STRICT_PROTOTYPES = YES;
				CLANG_WARN_SUSPICIOUS_MOVE = YES;
				CLANG_WARN_UNGUARDED_AVAILABILITY = YES_AGGRESSIVE;
				CLANG_WARN_UNREACHABLE_CODE = YES;
				CLANG_WARN__DUPLICATE_METHOD_MATCH = YES;
				CODE_SIGN_IDENTITY = "-";
				COPY_PHASE_STRIP = NO;
				DEBUG_INFORMATION_FORMAT = dwarf;
				ENABLE_STRICT_OBJC_MSGSEND = YES;
				ENABLE_TESTABILITY = YES;
				GCC_C_LANGUAGE_STANDARD = gnu11;
				GCC_DYNAMIC_NO_PIC = NO;
				GCC_NO_COMMON_BLOCKS = YES;
				GCC_OPTIMIZATION_LEVEL = 0;
				GCC_PREPROCESSOR_DEFINITIONS = (
					"DEBUG=1",
					"$(inherited)",
				);
				GCC_WARN_64_TO_32_BIT_CONVERSION = YES;
				GCC_WARN_ABOUT_RETURN_TYPE = YES_ERROR;
				GCC_WARN_UNDECLARED_SELECTOR = YES;
				GCC_WARN_UNINITIALIZED_AUTOS = YES_AGGRESSIVE;
				GCC_WARN_UNUSED_FUNCTION = YES;
				GCC_WARN_UNUSED_VARIABLE = YES;
				MACOSX_DEPLOYMENT_TARGET = 10.13;
				MTL_ENABLE_DEBUG_INFO = YES;
				ONLY_ACTIVE_ARCH = YES;
				SDKROOT = macosx;
			};
			name = Debug;
		};
		F0DE7C582137916300B02439 /* Release */ = {
			isa = XCBuildConfiguration;
			buildSettings = {
				ALWAYS_SEARCH_USER_PATHS = NO;
				CLANG_ANALYZER_NONNULL = YES;
				CLANG_ANALYZER_NUMBER_OBJECT_CONVERSION = YES_AGGRESSIVE;
				CLANG_CXX_LANGUAGE_STANDARD = "gnu++14";
				CLANG_CXX_LIBRARY = "libc++";
				CLANG_ENABLE_MODULES = YES;
				CLANG_ENABLE_OBJC_ARC = YES;
				CLANG_ENABLE_OBJC_WEAK = YES;
				CLANG_WARN_BLOCK_CAPTURE_AUTORELEASING = YES;
				CLANG_WARN_BOOL_CONVERSION = YES;
				CLANG_WARN_COMMA = YES;
				CLANG_WARN_CONSTANT_CONVERSION = YES;
				CLANG_WARN_DEPRECATED_OBJC_IMPLEMENTATIONS = YES;
				CLANG_WARN_DIRECT_OBJC_ISA_USAGE = YES_ERROR;
				CLANG_WARN_DOCUMENTATION_COMMENTS = YES;
				CLANG_WARN_EMPTY_BODY = YES;
				CLANG_WARN_ENUM_CONVERSION = YES;
				CLANG_WARN_INFINITE_RECURSION = YES;
				CLANG_WARN_INT_CONVERSION = YES;
				CLANG_WARN_NON_LITERAL_NULL_CONVERSION = YES;
				CLANG_WARN_OBJC_IMPLICIT_RETAIN_SELF = YES;
				CLANG_WARN_OBJC_LITERAL_CONVERSION = YES;
				CLANG_WARN_OBJC_ROOT_CLASS = YES_ERROR;
				CLANG_WARN_RANGE_LOOP_ANALYSIS = YES;
				CLANG_WARN_STRICT_PROTOTYPES = YES;
				CLANG_WARN_SUSPICIOUS_MOVE = YES;
				CLANG_WARN_UNGUARDED_AVAILABILITY = YES_AGGRESSIVE;
				CLANG_WARN_UNREACHABLE_CODE = YES;
				CLANG_WARN__DUPLICATE_METHOD_MATCH = YES;
				CODE_SIGN_IDENTITY = "-";
				COPY_PHASE_STRIP = NO;
				DEBUG_INFORMATION_FORMAT = "dwarf-with-dsym";
				ENABLE_NS_ASSERTIONS = NO;
				ENABLE_STRICT_OBJC_MSGSEND = YES;
				GCC_C_LANGUAGE_STANDARD = gnu11;
				GCC_NO_COMMON_BLOCKS = YES;
				GCC_WARN_64_TO_32_BIT_CONVERSION = YES;
				GCC_WARN_ABOUT_RETURN_TYPE = YES_ERROR;
				GCC_WARN_UNDECLARED_SELECTOR = YES;
				GCC_WARN_UNINITIALIZED_AUTOS = YES_AGGRESSIVE;
				GCC_WARN_UNUSED_FUNCTION = YES;
				GCC_WARN_UNUSED_VARIABLE = YES;
				MACOSX_DEPLOYMENT_TARGET = 10.13;
				MTL_ENABLE_DEBUG_INFO = NO;
				SDKROOT = macosx;
			};
			name = Release;
		};
		F0DE7C5A2137916300B02439 /* Debug */ = {
			isa = XCBuildConfiguration;
			buildSettings = {
				CODE_SIGN_STYLE = Automatic;
				PRODUCT_NAME = "$(TARGET_NAME)";
			};
			name = Debug;
		};
		F0DE7C5B2137916300B02439 /* Release */ = {
			isa = XCBuildConfiguration;
			buildSettings = {
				CODE_SIGN_STYLE = Automatic;
				PRODUCT_NAME = "$(TARGET_NAME)";
			};
			name = Release;
		};
/* End XCBuildConfiguration section */

/* Begin XCConfigurationList section */
		F0DE7C4D2137916300B02439 /* Build configuration list for PBXProject "vm1" */ = {
			isa = XCConfigurationList;
			buildConfigurations = (
				F0DE7C572137916300B02439 /* Debug */,
				F0DE7C582137916300B02439 /* Release */,
			);
			defaultConfigurationIsVisible = 0;
			defaultConfigurationName = Release;
		};
		F0DE7C592137916300B02439 /* Build configuration list for PBXNativeTarget "vm1" */ = {
			isa = XCConfigurationList;
			buildConfigurations = (
				F0DE7C5A2137916300B02439 /* Debug */,
				F0DE7C5B2137916300B02439 /* Release */,
			);
			defaultConfigurationIsVisible = 0;
			defaultConfigurationName = Release;
		};
/* End XCConfigurationList section */
	};
	rootObject = F0DE7C4A2137916300B02439 /* Project object */;
}
